// !$*UTF8*$!
{
	archiveVersion = 1;
	classes = {
	};
	objectVersion = 46;
	objects = {

/* Begin PBXBuildFile section */
		1B0058D61C8B5D5B00909D7E /* TimeCounter.swift in Sources */ = {isa = PBXBuildFile; fileRef = 1B0058D51C8B5D5B00909D7E /* TimeCounter.swift */; };
		1B0D212B1C7D8AA800EB1CB3 /* enter32.png in Resources */ = {isa = PBXBuildFile; fileRef = 1B0D21291C7D8AA800EB1CB3 /* enter32.png */; };
		1B0D212C1C7D8AA800EB1CB3 /* exit32.png in Resources */ = {isa = PBXBuildFile; fileRef = 1B0D212A1C7D8AA800EB1CB3 /* exit32.png */; };
		1B9172701C7CDC91000838FD /* AppDelegate.swift in Sources */ = {isa = PBXBuildFile; fileRef = 1B91726F1C7CDC91000838FD /* AppDelegate.swift */; };
		1B9172721C7CDC91000838FD /* ViewController.swift in Sources */ = {isa = PBXBuildFile; fileRef = 1B9172711C7CDC91000838FD /* ViewController.swift */; };
		1B9172751C7CDC91000838FD /* Main.storyboard in Resources */ = {isa = PBXBuildFile; fileRef = 1B9172731C7CDC91000838FD /* Main.storyboard */; };
		1B9172771C7CDC91000838FD /* Assets.xcassets in Resources */ = {isa = PBXBuildFile; fileRef = 1B9172761C7CDC91000838FD /* Assets.xcassets */; };
		1B91727A1C7CDC91000838FD /* LaunchScreen.storyboard in Resources */ = {isa = PBXBuildFile; fileRef = 1B9172781C7CDC91000838FD /* LaunchScreen.storyboard */; };
		1B9172851C7CDC91000838FD /* TimbrumTests.swift in Sources */ = {isa = PBXBuildFile; fileRef = 1B9172841C7CDC91000838FD /* TimbrumTests.swift */; };
		1B9172901C7CDC91000838FD /* TimbrumUITests.swift in Sources */ = {isa = PBXBuildFile; fileRef = 1B91728F1C7CDC91000838FD /* TimbrumUITests.swift */; };
		1BBF55781C90071C0012971E /* TimeCounterTest.swift in Sources */ = {isa = PBXBuildFile; fileRef = 1BBF55771C90071C0012971E /* TimeCounterTest.swift */; };
		1BDE8F511C88D975008CD4A9 /* ZucchettiParser.swift in Sources */ = {isa = PBXBuildFile; fileRef = 1BDE8F501C88D975008CD4A9 /* ZucchettiParser.swift */; };
		1BDE8F531C88DBDB008CD4A9 /* ZucchettiParserTest.swift in Sources */ = {isa = PBXBuildFile; fileRef = 1BDE8F521C88DBDB008CD4A9 /* ZucchettiParserTest.swift */; };
		1BE12BAC1C7ED9F300415344 /* ZucchettiTests.swift in Sources */ = {isa = PBXBuildFile; fileRef = 1BE12BAB1C7ED9F300415344 /* ZucchettiTests.swift */; };
		734BE50D00DAAC1CC7D3485E /* NullZucchettiListener.swift in Sources */ = {isa = PBXBuildFile; fileRef = 734BECA55DB8E39C306F18F5 /* NullZucchettiListener.swift */; };
		734BE6DDF4B9B75DB02448DB /* ZucchettiController.swift in Sources */ = {isa = PBXBuildFile; fileRef = 734BE6848E7C5173B5EA7EC6 /* ZucchettiController.swift */; };
		734BED7600EE7D6EA60D912A /* ZucchettiListener.swift in Sources */ = {isa = PBXBuildFile; fileRef = 734BE7412B636352748B04F8 /* ZucchettiListener.swift */; };
		8B2038F91C8D6A74000B413F /* gear.png in Resources */ = {isa = PBXBuildFile; fileRef = 8B2038F81C8D6A74000B413F /* gear.png */; };
/* End PBXBuildFile section */

/* Begin PBXContainerItemProxy section */
		1B9172811C7CDC91000838FD /* PBXContainerItemProxy */ = {
			isa = PBXContainerItemProxy;
			containerPortal = 1B9172641C7CDC91000838FD /* Project object */;
			proxyType = 1;
			remoteGlobalIDString = 1B91726B1C7CDC91000838FD;
			remoteInfo = Timbrum;
		};
		1B91728C1C7CDC91000838FD /* PBXContainerItemProxy */ = {
			isa = PBXContainerItemProxy;
			containerPortal = 1B9172641C7CDC91000838FD /* Project object */;
			proxyType = 1;
			remoteGlobalIDString = 1B91726B1C7CDC91000838FD;
			remoteInfo = Timbrum;
		};
/* End PBXContainerItemProxy section */

/* Begin PBXFileReference section */
		1B0058D51C8B5D5B00909D7E /* TimeCounter.swift */ = {isa = PBXFileReference; fileEncoding = 4; lastKnownFileType = sourcecode.swift; path = TimeCounter.swift; sourceTree = "<group>"; };
		1B0D21291C7D8AA800EB1CB3 /* enter32.png */ = {isa = PBXFileReference; lastKnownFileType = image.png; path = enter32.png; sourceTree = "<group>"; };
		1B0D212A1C7D8AA800EB1CB3 /* exit32.png */ = {isa = PBXFileReference; lastKnownFileType = image.png; path = exit32.png; sourceTree = "<group>"; };
		1B91726C1C7CDC91000838FD /* Timbrum.app */ = {isa = PBXFileReference; explicitFileType = wrapper.application; includeInIndex = 0; path = Timbrum.app; sourceTree = BUILT_PRODUCTS_DIR; };
		1B91726F1C7CDC91000838FD /* AppDelegate.swift */ = {isa = PBXFileReference; lastKnownFileType = sourcecode.swift; path = AppDelegate.swift; sourceTree = "<group>"; };
		1B9172711C7CDC91000838FD /* ViewController.swift */ = {isa = PBXFileReference; lastKnownFileType = sourcecode.swift; path = ViewController.swift; sourceTree = "<group>"; };
		1B9172741C7CDC91000838FD /* Base */ = {isa = PBXFileReference; lastKnownFileType = file.storyboard; name = Base; path = Base.lproj/Main.storyboard; sourceTree = "<group>"; };
		1B9172761C7CDC91000838FD /* Assets.xcassets */ = {isa = PBXFileReference; lastKnownFileType = folder.assetcatalog; path = Assets.xcassets; sourceTree = "<group>"; };
		1B9172791C7CDC91000838FD /* Base */ = {isa = PBXFileReference; lastKnownFileType = file.storyboard; name = Base; path = Base.lproj/LaunchScreen.storyboard; sourceTree = "<group>"; };
		1B91727B1C7CDC91000838FD /* Info.plist */ = {isa = PBXFileReference; lastKnownFileType = text.plist.xml; path = Info.plist; sourceTree = "<group>"; };
		1B9172801C7CDC91000838FD /* TimbrumTests.xctest */ = {isa = PBXFileReference; explicitFileType = wrapper.cfbundle; includeInIndex = 0; path = TimbrumTests.xctest; sourceTree = BUILT_PRODUCTS_DIR; };
		1B9172841C7CDC91000838FD /* TimbrumTests.swift */ = {isa = PBXFileReference; lastKnownFileType = sourcecode.swift; path = TimbrumTests.swift; sourceTree = "<group>"; };
		1B9172861C7CDC91000838FD /* Info.plist */ = {isa = PBXFileReference; lastKnownFileType = text.plist.xml; path = Info.plist; sourceTree = "<group>"; };
		1B91728B1C7CDC91000838FD /* TimbrumUITests.xctest */ = {isa = PBXFileReference; explicitFileType = wrapper.cfbundle; includeInIndex = 0; path = TimbrumUITests.xctest; sourceTree = BUILT_PRODUCTS_DIR; };
		1B91728F1C7CDC91000838FD /* TimbrumUITests.swift */ = {isa = PBXFileReference; lastKnownFileType = sourcecode.swift; path = TimbrumUITests.swift; sourceTree = "<group>"; };
		1B9172911C7CDC91000838FD /* Info.plist */ = {isa = PBXFileReference; lastKnownFileType = text.plist.xml; path = Info.plist; sourceTree = "<group>"; };
		1BBF55771C90071C0012971E /* TimeCounterTest.swift */ = {isa = PBXFileReference; fileEncoding = 4; lastKnownFileType = sourcecode.swift; path = TimeCounterTest.swift; sourceTree = "<group>"; };
		1BDE8F501C88D975008CD4A9 /* ZucchettiParser.swift */ = {isa = PBXFileReference; fileEncoding = 4; lastKnownFileType = sourcecode.swift; path = ZucchettiParser.swift; sourceTree = "<group>"; };
		1BDE8F521C88DBDB008CD4A9 /* ZucchettiParserTest.swift */ = {isa = PBXFileReference; fileEncoding = 4; lastKnownFileType = sourcecode.swift; path = ZucchettiParserTest.swift; sourceTree = "<group>"; };
		1BE12BAB1C7ED9F300415344 /* ZucchettiTests.swift */ = {isa = PBXFileReference; fileEncoding = 4; lastKnownFileType = sourcecode.swift; path = ZucchettiTests.swift; sourceTree = "<group>"; };
		734BE6848E7C5173B5EA7EC6 /* ZucchettiController.swift */ = {isa = PBXFileReference; fileEncoding = 4; lastKnownFileType = sourcecode.swift; path = ZucchettiController.swift; sourceTree = "<group>"; };
		734BE7412B636352748B04F8 /* ZucchettiListener.swift */ = {isa = PBXFileReference; fileEncoding = 4; lastKnownFileType = sourcecode.swift; path = ZucchettiListener.swift; sourceTree = "<group>"; };
		734BECA55DB8E39C306F18F5 /* NullZucchettiListener.swift */ = {isa = PBXFileReference; fileEncoding = 4; lastKnownFileType = sourcecode.swift; path = NullZucchettiListener.swift; sourceTree = "<group>"; };
		8B2038F81C8D6A74000B413F /* gear.png */ = {isa = PBXFileReference; lastKnownFileType = image.png; path = gear.png; sourceTree = "<group>"; };
/* End PBXFileReference section */

/* Begin PBXFrameworksBuildPhase section */
		1B9172691C7CDC91000838FD /* Frameworks */ = {
			isa = PBXFrameworksBuildPhase;
			buildActionMask = 2147483647;
			files = (
			);
			runOnlyForDeploymentPostprocessing = 0;
		};
		1B91727D1C7CDC91000838FD /* Frameworks */ = {
			isa = PBXFrameworksBuildPhase;
			buildActionMask = 2147483647;
			files = (
			);
			runOnlyForDeploymentPostprocessing = 0;
		};
		1B9172881C7CDC91000838FD /* Frameworks */ = {
			isa = PBXFrameworksBuildPhase;
			buildActionMask = 2147483647;
			files = (
			);
			runOnlyForDeploymentPostprocessing = 0;
		};
/* End PBXFrameworksBuildPhase section */

/* Begin PBXGroup section */
		1B9172631C7CDC91000838FD = {
			isa = PBXGroup;
			children = (
				1B91726E1C7CDC91000838FD /* Timbrum */,
				1B9172831C7CDC91000838FD /* TimbrumTests */,
				1B91728E1C7CDC91000838FD /* TimbrumUITests */,
				1B91726D1C7CDC91000838FD /* Products */,
			);
			sourceTree = "<group>";
		};
		1B91726D1C7CDC91000838FD /* Products */ = {
			isa = PBXGroup;
			children = (
				1B91726C1C7CDC91000838FD /* Timbrum.app */,
				1B9172801C7CDC91000838FD /* TimbrumTests.xctest */,
				1B91728B1C7CDC91000838FD /* TimbrumUITests.xctest */,
			);
			name = Products;
			sourceTree = "<group>";
		};
		1B91726E1C7CDC91000838FD /* Timbrum */ = {
			isa = PBXGroup;
			children = (
				734BE539A602B779E02C4AEF /* Zucchetti */,
				1B91729D1C7CDCD6000838FD /* Supporting Files */,
				1B9172711C7CDC91000838FD /* ViewController.swift */,
				1B0058D51C8B5D5B00909D7E /* TimeCounter.swift */,
				1B9172731C7CDC91000838FD /* Main.storyboard */,
			);
			path = Timbrum;
			sourceTree = "<group>";
		};
		1B9172831C7CDC91000838FD /* TimbrumTests */ = {
			isa = PBXGroup;
			children = (
				1B9172841C7CDC91000838FD /* TimbrumTests.swift */,
				1BE12BAB1C7ED9F300415344 /* ZucchettiTests.swift */,
				1BDE8F521C88DBDB008CD4A9 /* ZucchettiParserTest.swift */,
				1B9172861C7CDC91000838FD /* Info.plist */,
				1BBF55771C90071C0012971E /* TimeCounterTest.swift */,
			);
			path = TimbrumTests;
			sourceTree = "<group>";
		};
		1B91728E1C7CDC91000838FD /* TimbrumUITests */ = {
			isa = PBXGroup;
			children = (
				1B91728F1C7CDC91000838FD /* TimbrumUITests.swift */,
				1B9172911C7CDC91000838FD /* Info.plist */,
			);
			path = TimbrumUITests;
			sourceTree = "<group>";
		};
		1B91729D1C7CDCD6000838FD /* Supporting Files */ = {
			isa = PBXGroup;
			children = (
				8B2038F81C8D6A74000B413F /* gear.png */,
				1B0D21291C7D8AA800EB1CB3 /* enter32.png */,
				1B0D212A1C7D8AA800EB1CB3 /* exit32.png */,
				1B91727B1C7CDC91000838FD /* Info.plist */,
				1B9172761C7CDC91000838FD /* Assets.xcassets */,
				1B9172781C7CDC91000838FD /* LaunchScreen.storyboard */,
				1B91726F1C7CDC91000838FD /* AppDelegate.swift */,
			);
			name = "Supporting Files";
			sourceTree = "<group>";
		};
		734BE539A602B779E02C4AEF /* Zucchetti */ = {
			isa = PBXGroup;
			children = (
				734BECA55DB8E39C306F18F5 /* NullZucchettiListener.swift */,
				734BE6848E7C5173B5EA7EC6 /* ZucchettiController.swift */,
				734BE7412B636352748B04F8 /* ZucchettiListener.swift */,
				1BDE8F501C88D975008CD4A9 /* ZucchettiParser.swift */,
			);
			path = Zucchetti;
			sourceTree = "<group>";
		};
/* End PBXGroup section */

/* Begin PBXNativeTarget section */
		1B91726B1C7CDC91000838FD /* Timbrum */ = {
			isa = PBXNativeTarget;
			buildConfigurationList = 1B9172941C7CDC91000838FD /* Build configuration list for PBXNativeTarget "Timbrum" */;
			buildPhases = (
				1B9172681C7CDC91000838FD /* Sources */,
				1B9172691C7CDC91000838FD /* Frameworks */,
				1B91726A1C7CDC91000838FD /* Resources */,
			);
			buildRules = (
			);
			dependencies = (
			);
			name = Timbrum;
			productName = Timbrum;
			productReference = 1B91726C1C7CDC91000838FD /* Timbrum.app */;
			productType = "com.apple.product-type.application";
		};
		1B91727F1C7CDC91000838FD /* TimbrumTests */ = {
			isa = PBXNativeTarget;
			buildConfigurationList = 1B9172971C7CDC91000838FD /* Build configuration list for PBXNativeTarget "TimbrumTests" */;
			buildPhases = (
				1B91727C1C7CDC91000838FD /* Sources */,
				1B91727D1C7CDC91000838FD /* Frameworks */,
				1B91727E1C7CDC91000838FD /* Resources */,
			);
			buildRules = (
			);
			dependencies = (
				1B9172821C7CDC91000838FD /* PBXTargetDependency */,
			);
			name = TimbrumTests;
			productName = TimbrumTests;
			productReference = 1B9172801C7CDC91000838FD /* TimbrumTests.xctest */;
			productType = "com.apple.product-type.bundle.unit-test";
		};
		1B91728A1C7CDC91000838FD /* TimbrumUITests */ = {
			isa = PBXNativeTarget;
			buildConfigurationList = 1B91729A1C7CDC91000838FD /* Build configuration list for PBXNativeTarget "TimbrumUITests" */;
			buildPhases = (
				1B9172871C7CDC91000838FD /* Sources */,
				1B9172881C7CDC91000838FD /* Frameworks */,
				1B9172891C7CDC91000838FD /* Resources */,
			);
			buildRules = (
			);
			dependencies = (
				1B91728D1C7CDC91000838FD /* PBXTargetDependency */,
			);
			name = TimbrumUITests;
			productName = TimbrumUITests;
			productReference = 1B91728B1C7CDC91000838FD /* TimbrumUITests.xctest */;
			productType = "com.apple.product-type.bundle.ui-testing";
		};
/* End PBXNativeTarget section */

/* Begin PBXProject section */
		1B9172641C7CDC91000838FD /* Project object */ = {
			isa = PBXProject;
			attributes = {
				LastSwiftUpdateCheck = 0720;
				LastUpgradeCheck = 0720;
				ORGANIZATIONNAME = ESTECO;
				TargetAttributes = {
					1B91726B1C7CDC91000838FD = {
						CreatedOnToolsVersion = 7.2.1;
					};
					1B91727F1C7CDC91000838FD = {
						CreatedOnToolsVersion = 7.2.1;
						TestTargetID = 1B91726B1C7CDC91000838FD;
					};
					1B91728A1C7CDC91000838FD = {
						CreatedOnToolsVersion = 7.2.1;
						TestTargetID = 1B91726B1C7CDC91000838FD;
					};
				};
			};
			buildConfigurationList = 1B9172671C7CDC91000838FD /* Build configuration list for PBXProject "Timbrum" */;
			compatibilityVersion = "Xcode 3.2";
			developmentRegion = English;
			hasScannedForEncodings = 0;
			knownRegions = (
				en,
				Base,
			);
			mainGroup = 1B9172631C7CDC91000838FD;
			productRefGroup = 1B91726D1C7CDC91000838FD /* Products */;
			projectDirPath = "";
			projectRoot = "";
			targets = (
				1B91726B1C7CDC91000838FD /* Timbrum */,
				1B91727F1C7CDC91000838FD /* TimbrumTests */,
				1B91728A1C7CDC91000838FD /* TimbrumUITests */,
			);
		};
/* End PBXProject section */

/* Begin PBXResourcesBuildPhase section */
		1B91726A1C7CDC91000838FD /* Resources */ = {
			isa = PBXResourcesBuildPhase;
			buildActionMask = 2147483647;
			files = (
				1B91727A1C7CDC91000838FD /* LaunchScreen.storyboard in Resources */,
				1B9172771C7CDC91000838FD /* Assets.xcassets in Resources */,
				8B2038F91C8D6A74000B413F /* gear.png in Resources */,
				1B9172751C7CDC91000838FD /* Main.storyboard in Resources */,
				1B0D212B1C7D8AA800EB1CB3 /* enter32.png in Resources */,
				1B0D212C1C7D8AA800EB1CB3 /* exit32.png in Resources */,
			);
			runOnlyForDeploymentPostprocessing = 0;
		};
		1B91727E1C7CDC91000838FD /* Resources */ = {
			isa = PBXResourcesBuildPhase;
			buildActionMask = 2147483647;
			files = (
			);
			runOnlyForDeploymentPostprocessing = 0;
		};
		1B9172891C7CDC91000838FD /* Resources */ = {
			isa = PBXResourcesBuildPhase;
			buildActionMask = 2147483647;
			files = (
			);
			runOnlyForDeploymentPostprocessing = 0;
		};
/* End PBXResourcesBuildPhase section */

/* Begin PBXSourcesBuildPhase section */
		1B9172681C7CDC91000838FD /* Sources */ = {
			isa = PBXSourcesBuildPhase;
			buildActionMask = 2147483647;
			files = (
				1BDE8F511C88D975008CD4A9 /* ZucchettiParser.swift in Sources */,
				1B9172721C7CDC91000838FD /* ViewController.swift in Sources */,
				1B9172701C7CDC91000838FD /* AppDelegate.swift in Sources */,
				734BE50D00DAAC1CC7D3485E /* NullZucchettiListener.swift in Sources */,
				734BE6DDF4B9B75DB02448DB /* ZucchettiController.swift in Sources */,
				1B0058D61C8B5D5B00909D7E /* TimeCounter.swift in Sources */,
				734BED7600EE7D6EA60D912A /* ZucchettiListener.swift in Sources */,
			);
			runOnlyForDeploymentPostprocessing = 0;
		};
		1B91727C1C7CDC91000838FD /* Sources */ = {
			isa = PBXSourcesBuildPhase;
			buildActionMask = 2147483647;
			files = (
				1B9172851C7CDC91000838FD /* TimbrumTests.swift in Sources */,
				1BE12BAC1C7ED9F300415344 /* ZucchettiTests.swift in Sources */,
				1BDE8F531C88DBDB008CD4A9 /* ZucchettiParserTest.swift in Sources */,
				1BBF55781C90071C0012971E /* TimeCounterTest.swift in Sources */,
			);
			runOnlyForDeploymentPostprocessing = 0;
		};
		1B9172871C7CDC91000838FD /* Sources */ = {
			isa = PBXSourcesBuildPhase;
			buildActionMask = 2147483647;
			files = (
				1B9172901C7CDC91000838FD /* TimbrumUITests.swift in Sources */,
			);
			runOnlyForDeploymentPostprocessing = 0;
		};
/* End PBXSourcesBuildPhase section */

/* Begin PBXTargetDependency section */
		1B9172821C7CDC91000838FD /* PBXTargetDependency */ = {
			isa = PBXTargetDependency;
			target = 1B91726B1C7CDC91000838FD /* Timbrum */;
			targetProxy = 1B9172811C7CDC91000838FD /* PBXContainerItemProxy */;
		};
		1B91728D1C7CDC91000838FD /* PBXTargetDependency */ = {
			isa = PBXTargetDependency;
			target = 1B91726B1C7CDC91000838FD /* Timbrum */;
			targetProxy = 1B91728C1C7CDC91000838FD /* PBXContainerItemProxy */;
		};
/* End PBXTargetDependency section */

/* Begin PBXVariantGroup section */
		1B9172731C7CDC91000838FD /* Main.storyboard */ = {
			isa = PBXVariantGroup;
			children = (
				1B9172741C7CDC91000838FD /* Base */,
			);
			name = Main.storyboard;
			sourceTree = "<group>";
		};
		1B9172781C7CDC91000838FD /* LaunchScreen.storyboard */ = {
			isa = PBXVariantGroup;
			children = (
				1B9172791C7CDC91000838FD /* Base */,
			);
			name = LaunchScreen.storyboard;
			sourceTree = "<group>";
		};
/* End PBXVariantGroup section */

/* Begin XCBuildConfiguration section */
		1B9172921C7CDC91000838FD /* Debug */ = {
			isa = XCBuildConfiguration;
			buildSettings = {
				ALWAYS_SEARCH_USER_PATHS = NO;
				CLANG_CXX_LANGUAGE_STANDARD = "gnu++0x";
				CLANG_CXX_LIBRARY = "libc++";
				CLANG_ENABLE_MODULES = YES;
				CLANG_ENABLE_OBJC_ARC = YES;
				CLANG_WARN_BOOL_CONVERSION = YES;
				CLANG_WARN_CONSTANT_CONVERSION = YES;
				CLANG_WARN_DIRECT_OBJC_ISA_USAGE = YES_ERROR;
				CLANG_WARN_EMPTY_BODY = YES;
				CLANG_WARN_ENUM_CONVERSION = YES;
				CLANG_WARN_INT_CONVERSION = YES;
				CLANG_WARN_OBJC_ROOT_CLASS = YES_ERROR;
				CLANG_WARN_UNREACHABLE_CODE = YES;
				CLANG_WARN__DUPLICATE_METHOD_MATCH = YES;
				"CODE_SIGN_IDENTITY[sdk=iphoneos*]" = "iPhone Developer";
				COPY_PHASE_STRIP = NO;
				DEBUG_INFORMATION_FORMAT = dwarf;
				ENABLE_STRICT_OBJC_MSGSEND = YES;
				ENABLE_TESTABILITY = YES;
				GCC_C_LANGUAGE_STANDARD = gnu99;
				GCC_DYNAMIC_NO_PIC = NO;
				GCC_NO_COMMON_BLOCKS = YES;
				GCC_OPTIMIZATION_LEVEL = 0;
				GCC_PREPROCESSOR_DEFINITIONS = (
					"DEBUG=1",
					"$(inherited)",
				);
				GCC_WARN_64_TO_32_BIT_CONVERSION = YES;
				GCC_WARN_ABOUT_RETURN_TYPE = YES_ERROR;
				GCC_WARN_UNDECLARED_SELECTOR = YES;
				GCC_WARN_UNINITIALIZED_AUTOS = YES_AGGRESSIVE;
				GCC_WARN_UNUSED_FUNCTION = YES;
				GCC_WARN_UNUSED_VARIABLE = YES;
				IPHONEOS_DEPLOYMENT_TARGET = 9.2;
				MTL_ENABLE_DEBUG_INFO = YES;
				ONLY_ACTIVE_ARCH = YES;
				SDKROOT = iphoneos;
				SWIFT_OPTIMIZATION_LEVEL = "-Onone";
				TARGETED_DEVICE_FAMILY = "1,2";
			};
			name = Debug;
		};
		1B9172931C7CDC91000838FD /* Release */ = {
			isa = XCBuildConfiguration;
			buildSettings = {
				ALWAYS_SEARCH_USER_PATHS = NO;
				CLANG_CXX_LANGUAGE_STANDARD = "gnu++0x";
				CLANG_CXX_LIBRARY = "libc++";
				CLANG_ENABLE_MODULES = YES;
				CLANG_ENABLE_OBJC_ARC = YES;
				CLANG_WARN_BOOL_CONVERSION = YES;
				CLANG_WARN_CONSTANT_CONVERSION = YES;
				CLANG_WARN_DIRECT_OBJC_ISA_USAGE = YES_ERROR;
				CLANG_WARN_EMPTY_BODY = YES;
				CLANG_WARN_ENUM_CONVERSION = YES;
				CLANG_WARN_INT_CONVERSION = YES;
				CLANG_WARN_OBJC_ROOT_CLASS = YES_ERROR;
				CLANG_WARN_UNREACHABLE_CODE = YES;
				CLANG_WARN__DUPLICATE_METHOD_MATCH = YES;
				"CODE_SIGN_IDENTITY[sdk=iphoneos*]" = "iPhone Developer";
				COPY_PHASE_STRIP = NO;
				DEBUG_INFORMATION_FORMAT = "dwarf-with-dsym";
				ENABLE_NS_ASSERTIONS = NO;
				ENABLE_STRICT_OBJC_MSGSEND = YES;
				GCC_C_LANGUAGE_STANDARD = gnu99;
				GCC_NO_COMMON_BLOCKS = YES;
				GCC_WARN_64_TO_32_BIT_CONVERSION = YES;
				GCC_WARN_ABOUT_RETURN_TYPE = YES_ERROR;
				GCC_WARN_UNDECLARED_SELECTOR = YES;
				GCC_WARN_UNINITIALIZED_AUTOS = YES_AGGRESSIVE;
				GCC_WARN_UNUSED_FUNCTION = YES;
				GCC_WARN_UNUSED_VARIABLE = YES;
				IPHONEOS_DEPLOYMENT_TARGET = 9.2;
				MTL_ENABLE_DEBUG_INFO = NO;
				SDKROOT = iphoneos;
				TARGETED_DEVICE_FAMILY = "1,2";
				VALIDATE_PRODUCT = YES;
			};
			name = Release;
		};
		1B9172951C7CDC91000838FD /* Debug */ = {
			isa = XCBuildConfiguration;
			buildSettings = {
				ASSETCATALOG_COMPILER_APPICON_NAME = AppIcon;
				INFOPLIST_FILE = Timbrum/Info.plist;
				LD_RUNPATH_SEARCH_PATHS = "$(inherited) @executable_path/Frameworks";
				PRODUCT_BUNDLE_IDENTIFIER = it.esteco.swift.Timbrum;
				PRODUCT_NAME = "$(TARGET_NAME)";
			};
			name = Debug;
		};
		1B9172961C7CDC91000838FD /* Release */ = {
			isa = XCBuildConfiguration;
			buildSettings = {
				ASSETCATALOG_COMPILER_APPICON_NAME = AppIcon;
				INFOPLIST_FILE = Timbrum/Info.plist;
				LD_RUNPATH_SEARCH_PATHS = "$(inherited) @executable_path/Frameworks";
				PRODUCT_BUNDLE_IDENTIFIER = it.esteco.swift.Timbrum;
				PRODUCT_NAME = "$(TARGET_NAME)";
			};
			name = Release;
		};
		1B9172981C7CDC91000838FD /* Debug */ = {
			isa = XCBuildConfiguration;
			buildSettings = {
				BUNDLE_LOADER = "$(TEST_HOST)";
				INFOPLIST_FILE = TimbrumTests/Info.plist;
				LD_RUNPATH_SEARCH_PATHS = "$(inherited) @executable_path/Frameworks @loader_path/Frameworks";
				PRODUCT_BUNDLE_IDENTIFIER = it.esteco.swift.TimbrumTests;
				PRODUCT_NAME = "$(TARGET_NAME)";
				TEST_HOST = "$(BUILT_PRODUCTS_DIR)/Timbrum.app/Timbrum";
			};
			name = Debug;
		};
		1B9172991C7CDC91000838FD /* Release */ = {
			isa = XCBuildConfiguration;
			buildSettings = {
				BUNDLE_LOADER = "$(TEST_HOST)";
				INFOPLIST_FILE = TimbrumTests/Info.plist;
				LD_RUNPATH_SEARCH_PATHS = "$(inherited) @executable_path/Frameworks @loader_path/Frameworks";
				PRODUCT_BUNDLE_IDENTIFIER = it.esteco.swift.TimbrumTests;
				PRODUCT_NAME = "$(TARGET_NAME)";
				TEST_HOST = "$(BUILT_PRODUCTS_DIR)/Timbrum.app/Timbrum";
			};
			name = Release;
		};
		1B91729B1C7CDC91000838FD /* Debug */ = {
			isa = XCBuildConfiguration;
			buildSettings = {
				INFOPLIST_FILE = TimbrumUITests/Info.plist;
				LD_RUNPATH_SEARCH_PATHS = "$(inherited) @executable_path/Frameworks @loader_path/Frameworks";
				PRODUCT_BUNDLE_IDENTIFIER = it.esteco.swift.TimbrumUITests;
				PRODUCT_NAME = "$(TARGET_NAME)";
				TEST_TARGET_NAME = Timbrum;
				USES_XCTRUNNER = YES;
			};
			name = Debug;
		};
		1B91729C1C7CDC91000838FD /* Release */ = {
			isa = XCBuildConfiguration;
			buildSettings = {
				INFOPLIST_FILE = TimbrumUITests/Info.plist;
				LD_RUNPATH_SEARCH_PATHS = "$(inherited) @executable_path/Frameworks @loader_path/Frameworks";
				PRODUCT_BUNDLE_IDENTIFIER = it.esteco.swift.TimbrumUITests;
				PRODUCT_NAME = "$(TARGET_NAME)";
				TEST_TARGET_NAME = Timbrum;
				USES_XCTRUNNER = YES;
			};
			name = Release;
		};
/* End XCBuildConfiguration section */

/* Begin XCConfigurationList section */
		1B9172671C7CDC91000838FD /* Build configuration list for PBXProject "Timbrum" */ = {
			isa = XCConfigurationList;
			buildConfigurations = (
				1B9172921C7CDC91000838FD /* Debug */,
				1B9172931C7CDC91000838FD /* Release */,
			);
			defaultConfigurationIsVisible = 0;
			defaultConfigurationName = Release;
		};
		1B9172941C7CDC91000838FD /* Build configuration list for PBXNativeTarget "Timbrum" */ = {
			isa = XCConfigurationList;
			buildConfigurations = (
				1B9172951C7CDC91000838FD /* Debug */,
				1B9172961C7CDC91000838FD /* Release */,
			);
			defaultConfigurationIsVisible = 0;
			defaultConfigurationName = Release;
		};
		1B9172971C7CDC91000838FD /* Build configuration list for PBXNativeTarget "TimbrumTests" */ = {
			isa = XCConfigurationList;
			buildConfigurations = (
				1B9172981C7CDC91000838FD /* Debug */,
				1B9172991C7CDC91000838FD /* Release */,
			);
			defaultConfigurationIsVisible = 0;
			defaultConfigurationName = Release;
		};
		1B91729A1C7CDC91000838FD /* Build configuration list for PBXNativeTarget "TimbrumUITests" */ = {
			isa = XCConfigurationList;
			buildConfigurations = (
				1B91729B1C7CDC91000838FD /* Debug */,
				1B91729C1C7CDC91000838FD /* Release */,
			);
			defaultConfigurationIsVisible = 0;
			defaultConfigurationName = Release;
		};
/* End XCConfigurationList section */
	};
	rootObject = 1B9172641C7CDC91000838FD /* Project object */;
}
